# THIS IS AN AUTOGENERATED FILE. DO NOT EDIT THIS FILE DIRECTLY.
# yarn lockfile v1


"@captcha-libs/captcha-client@^0.0.1":
  version "0.0.1"
  resolved "https://registry.yarnpkg.com/@captcha-libs/captcha-client/-/captcha-client-0.0.1.tgz#5af80dec5e7166dccedc8b201408fa25954b0496"
  integrity sha512-QyShKya6MtX6jqp87bhWjjnci4ND9tTSQ1DeVBCY0WnksBktrKQ/2iGpu4HpAGMQSU35f+ot0BZ97VPin0b4qg==

destr@^2.0.1:
  version "2.0.2"
  resolved "https://registry.yarnpkg.com/destr/-/destr-2.0.2.tgz#8d3c0ee4ec0a76df54bc8b819bca215592a8c218"
  integrity sha512-65AlobnZMiCET00KaFFjUefxDX0khFA/E4myqZ7a6Sq1yZtR8+FVIvilVX66vF2uobSumxooYZChiRPCKNqhmg==

node-fetch-native@^1.4.0:
  version "1.6.1"
  resolved "https://registry.yarnpkg.com/node-fetch-native/-/node-fetch-native-1.6.1.tgz#f95c74917d3cebc794cdae0cd2a9c7594aad0cb4"
  integrity sha512-bW9T/uJDPAJB2YNYEpWzE54U5O3MQidXsOyTfnbKYtTtFexRvGzb1waphBN4ZwP6EcIvYYEOwW0b72BpAqydTw==

ofetch@^1.3.3:
  version "1.3.3"
  resolved "https://registry.yarnpkg.com/ofetch/-/ofetch-1.3.3.tgz#588cb806a28e5c66c2c47dd8994f9059a036d8c0"
  integrity sha512-s1ZCMmQWXy4b5K/TW9i/DtiN8Ku+xCiHcjQ6/J/nDdssirrQNOoB165Zu8EqLMA2lln1JUth9a0aW9Ap2ctrUg==
  dependencies:
    destr "^2.0.1"
    node-fetch-native "^1.4.0"
    ufo "^1.3.0"

ufo@^1.3.0:
  version "1.3.2"
  resolved "https://registry.yarnpkg.com/ufo/-/ufo-1.3.2.tgz#c7d719d0628a1c80c006d2240e0d169f6e3c0496"
  integrity sha512-o+ORpgGwaYQXgqGDwd+hkS4PuZ3QnmqMMxRuajK/a38L6fTpcE5GPIfrf+L/KemFzfUpeUQc1rRS1iDBozvnFA==
